
Microsoft Visual Studio Solution File, Format Version 12.00
# Visual Studio 15
VisualStudioVersion = 15.0.28307.271
MinimumVisualStudioVersion = 10.0.40219.1
Project("{FAE04EC0-301F-11D3-BF4B-00C04F79EFBC}") = "Shop.Common", "Shop.Common\Shop.Common.csproj", "{431A4328-3EBB-43F2-9C5D-770F4CEC0F62}"
EndProject
Project("{2150E333-8FDC-42A3-9474-1A3956D46DE8}") = "Backend", "Backend", "{D84E205D-FDB7-4109-9862-1B56E71C8989}"
EndProject
Project("{2150E333-8FDC-42A3-9474-1A3956D46DE8}") = "Frontend", "Frontend", "{41C42313-1522-43A2-8B27-B6A1A0AB007A}"
EndProject
Project("{FAE04EC0-301F-11D3-BF4B-00C04F79EFBC}") = "Shop.Web", "Shop.Web\Shop.Web.csproj", "{430410D3-2CB9-458C-8C0B-3918003BB45A}"
EndProject
Project("{2150E333-8FDC-42A3-9474-1A3956D46DE8}") = "Forms", "Forms", "{DDE57EF1-8821-4C18-A0D0-8C6CBF6C7D83}"
EndProject
Project("{2150E333-8FDC-42A3-9474-1A3956D46DE8}") = "Classic", "Classic", "{12801F68-21FC-4878-8A45-3F7935A7E4C3}"
EndProject
Project("{FAE04EC0-301F-11D3-BF4B-00C04F79EFBC}") = "Shop.UIForms.Android", "Shop.UIForms\Shop.UIForms.Android\Shop.UIForms.Android.csproj", "{15509313-8C02-4F16-A27B-11B2A3BFE139}"
EndProject
Project("{FAE04EC0-301F-11D3-BF4B-00C04F79EFBC}") = "Shop.UIForms.iOS", "Shop.UIForms\Shop.UIForms.iOS\Shop.UIForms.iOS.csproj", "{390E3187-23AE-4530-9954-BC6A8971F577}"
EndProject
Project("{D954291E-2A0B-460D-934E-DC6B0785DB48}") = "Shop.UIForms", "Shop.UIForms\Shop.UIForms\Shop.UIForms.shproj", "{C3EF476A-E209-4057-992A-53130BA87C55}"
EndProject
Project("{FAE04EC0-301F-11D3-BF4B-00C04F79EFBC}") = "Shop.UIClassic", "Shop.UIClassic\Shop.UIClassic.csproj", "{D441F593-1166-4626-950C-30858A950ACB}"
EndProject
Project("{FAE04EC0-301F-11D3-BF4B-00C04F79EFBC}") = "Shop.UIClassic.Android", "Shop.UIClassic.Android\Shop.UIClassic.Android.csproj", "{64FEE8B4-DAE5-4F8B-AFA4-F2C352F7149A}"
EndProject
Project("{FAE04EC0-301F-11D3-BF4B-00C04F79EFBC}") = "Shop.UIClassic.iOS", "Shop.UIClassic.iOS\Shop.UIClassic.iOS.csproj", "{80A96B52-6758-4BDB-B0B4-CEA4CA155C60}"
EndProject
Global
	GlobalSection(SharedMSBuildProjectFiles) = preSolution
		Shop.UIForms\Shop.UIForms\Shop.UIForms.projitems*{15509313-8c02-4f16-a27b-11b2a3bfe139}*SharedItemsImports = 4
		Shop.UIForms\Shop.UIForms\Shop.UIForms.projitems*{390e3187-23ae-4530-9954-bc6a8971f577}*SharedItemsImports = 4
		Shop.UIForms\Shop.UIForms\Shop.UIForms.projitems*{c3ef476a-e209-4057-992a-53130ba87c55}*SharedItemsImports = 13
	EndGlobalSection
	GlobalSection(SolutionConfigurationPlatforms) = preSolution
		Ad-Hoc|Any CPU = Ad-Hoc|Any CPU
		Ad-Hoc|iPhone = Ad-Hoc|iPhone
		Ad-Hoc|iPhoneSimulator = Ad-Hoc|iPhoneSimulator
		AppStore|Any CPU = AppStore|Any CPU
		AppStore|iPhone = AppStore|iPhone
		AppStore|iPhoneSimulator = AppStore|iPhoneSimulator
		Debug|Any CPU = Debug|Any CPU
		Debug|iPhone = Debug|iPhone
		Debug|iPhoneSimulator = Debug|iPhoneSimulator
		Release|Any CPU = Release|Any CPU
		Release|iPhone = Release|iPhone
		Release|iPhoneSimulator = Release|iPhoneSimulator
	EndGlobalSection
	GlobalSection(ProjectConfigurationPlatforms) = postSolution
		{431A4328-3EBB-43F2-9C5D-770F4CEC0F62}.Ad-Hoc|Any CPU.ActiveCfg = Debug|Any CPU
		{431A4328-3EBB-43F2-9C5D-770F4CEC0F62}.Ad-Hoc|Any CPU.Build.0 = Debug|Any CPU
		{431A4328-3EBB-43F2-9C5D-770F4CEC0F62}.Ad-Hoc|iPhone.ActiveCfg = Debug|Any CPU
		{431A4328-3EBB-43F2-9C5D-770F4CEC0F62}.Ad-Hoc|iPhone.Build.0 = Debug|Any CPU
		{431A4328-3EBB-43F2-9C5D-770F4CEC0F62}.Ad-Hoc|iPhoneSimulator.ActiveCfg = Debug|Any CPU
		{431A4328-3EBB-43F2-9C5D-770F4CEC0F62}.Ad-Hoc|iPhoneSimulator.Build.0 = Debug|Any CPU
		{431A4328-3EBB-43F2-9C5D-770F4CEC0F62}.AppStore|Any CPU.ActiveCfg = Debug|Any CPU
		{431A4328-3EBB-43F2-9C5D-770F4CEC0F62}.AppStore|Any CPU.Build.0 = Debug|Any CPU
		{431A4328-3EBB-43F2-9C5D-770F4CEC0F62}.AppStore|iPhone.ActiveCfg = Debug|Any CPU
		{431A4328-3EBB-43F2-9C5D-770F4CEC0F62}.AppStore|iPhone.Build.0 = Debug|Any CPU
		{431A4328-3EBB-43F2-9C5D-770F4CEC0F62}.AppStore|iPhoneSimulator.ActiveCfg = Debug|Any CPU
		{431A4328-3EBB-43F2-9C5D-770F4CEC0F62}.AppStore|iPhoneSimulator.Build.0 = Debug|Any CPU
		{431A4328-3EBB-43F2-9C5D-770F4CEC0F62}.Debug|Any CPU.ActiveCfg = Debug|Any CPU
		{431A4328-3EBB-43F2-9C5D-770F4CEC0F62}.Debug|Any CPU.Build.0 = Debug|Any CPU
		{431A4328-3EBB-43F2-9C5D-770F4CEC0F62}.Debug|iPhone.ActiveCfg = Debug|Any CPU
		{431A4328-3EBB-43F2-9C5D-770F4CEC0F62}.Debug|iPhone.Build.0 = Debug|Any CPU
		{431A4328-3EBB-43F2-9C5D-770F4CEC0F62}.Debug|iPhoneSimulator.ActiveCfg = Debug|Any CPU
		{431A4328-3EBB-43F2-9C5D-770F4CEC0F62}.Debug|iPhoneSimulator.Build.0 = Debug|Any CPU
		{431A4328-3EBB-43F2-9C5D-770F4CEC0F62}.Release|Any CPU.ActiveCfg = Release|Any CPU
		{431A4328-3EBB-43F2-9C5D-770F4CEC0F62}.Release|Any CPU.Build.0 = Release|Any CPU
		{431A4328-3EBB-43F2-9C5D-770F4CEC0F62}.Release|iPhone.ActiveCfg = Release|Any CPU
		{431A4328-3EBB-43F2-9C5D-770F4CEC0F62}.Release|iPhone.Build.0 = Release|Any CPU
		{431A4328-3EBB-43F2-9C5D-770F4CEC0F62}.Release|iPhoneSimulator.ActiveCfg = Release|Any CPU
		{431A4328-3EBB-43F2-9C5D-770F4CEC0F62}.Release|iPhoneSimulator.Build.0 = Release|Any CPU
		{430410D3-2CB9-458C-8C0B-3918003BB45A}.Ad-Hoc|Any CPU.ActiveCfg = Debug|Any CPU
		{430410D3-2CB9-458C-8C0B-3918003BB45A}.Ad-Hoc|Any CPU.Build.0 = Debug|Any CPU
		{430410D3-2CB9-458C-8C0B-3918003BB45A}.Ad-Hoc|iPhone.ActiveCfg = Debug|Any CPU
		{430410D3-2CB9-458C-8C0B-3918003BB45A}.Ad-Hoc|iPhone.Build.0 = Debug|Any CPU
		{430410D3-2CB9-458C-8C0B-3918003BB45A}.Ad-Hoc|iPhoneSimulator.ActiveCfg = Debug|Any CPU
		{430410D3-2CB9-458C-8C0B-3918003BB45A}.Ad-Hoc|iPhoneSimulator.Build.0 = Debug|Any CPU
		{430410D3-2CB9-458C-8C0B-3918003BB45A}.AppStore|Any CPU.ActiveCfg = Debug|Any CPU
		{430410D3-2CB9-458C-8C0B-3918003BB45A}.AppStore|Any CPU.Build.0 = Debug|Any CPU
		{430410D3-2CB9-458C-8C0B-3918003BB45A}.AppStore|iPhone.ActiveCfg = Debug|Any CPU
		{430410D3-2CB9-458C-8C0B-3918003BB45A}.AppStore|iPhone.Build.0 = Debug|Any CPU
		{430410D3-2CB9-458C-8C0B-3918003BB45A}.AppStore|iPhoneSimulator.ActiveCfg = Debug|Any CPU
		{430410D3-2CB9-458C-8C0B-3918003BB45A}.AppStore|iPhoneSimulator.Build.0 = Debug|Any CPU
		{430410D3-2CB9-458C-8C0B-3918003BB45A}.Debug|Any CPU.ActiveCfg = Debug|Any CPU
		{430410D3-2CB9-458C-8C0B-3918003BB45A}.Debug|Any CPU.Build.0 = Debug|Any CPU
		{430410D3-2CB9-458C-8C0B-3918003BB45A}.Debug|iPhone.ActiveCfg = Debug|Any CPU
		{430410D3-2CB9-458C-8C0B-3918003BB45A}.Debug|iPhone.Build.0 = Debug|Any CPU
		{430410D3-2CB9-458C-8C0B-3918003BB45A}.Debug|iPhoneSimulator.ActiveCfg = Debug|Any CPU
		{430410D3-2CB9-458C-8C0B-3918003BB45A}.Debug|iPhoneSimulator.Build.0 = Debug|Any CPU
		{430410D3-2CB9-458C-8C0B-3918003BB45A}.Release|Any CPU.ActiveCfg = Release|Any CPU
		{430410D3-2CB9-458C-8C0B-3918003BB45A}.Release|Any CPU.Build.0 = Release|Any CPU
		{430410D3-2CB9-458C-8C0B-3918003BB45A}.Release|iPhone.ActiveCfg = Release|Any CPU
		{430410D3-2CB9-458C-8C0B-3918003BB45A}.Release|iPhone.Build.0 = Release|Any CPU
		{430410D3-2CB9-458C-8C0B-3918003BB45A}.Release|iPhoneSimulator.ActiveCfg = Release|Any CPU
		{430410D3-2CB9-458C-8C0B-3918003BB45A}.Release|iPhoneSimulator.Build.0 = Release|Any CPU
		{15509313-8C02-4F16-A27B-11B2A3BFE139}.Ad-Hoc|Any CPU.ActiveCfg = Release|Any CPU
		{15509313-8C02-4F16-A27B-11B2A3BFE139}.Ad-Hoc|Any CPU.Build.0 = Release|Any CPU
		{15509313-8C02-4F16-A27B-11B2A3BFE139}.Ad-Hoc|Any CPU.Deploy.0 = Release|Any CPU
		{15509313-8C02-4F16-A27B-11B2A3BFE139}.Ad-Hoc|iPhone.ActiveCfg = Release|Any CPU
		{15509313-8C02-4F16-A27B-11B2A3BFE139}.Ad-Hoc|iPhone.Build.0 = Release|Any CPU
		{15509313-8C02-4F16-A27B-11B2A3BFE139}.Ad-Hoc|iPhone.Deploy.0 = Release|Any CPU
		{15509313-8C02-4F16-A27B-11B2A3BFE139}.Ad-Hoc|iPhoneSimulator.ActiveCfg = Release|Any CPU
		{15509313-8C02-4F16-A27B-11B2A3BFE139}.Ad-Hoc|iPhoneSimulator.Build.0 = Release|Any CPU
		{15509313-8C02-4F16-A27B-11B2A3BFE139}.Ad-Hoc|iPhoneSimulator.Deploy.0 = Release|Any CPU
		{15509313-8C02-4F16-A27B-11B2A3BFE139}.AppStore|Any CPU.ActiveCfg = Release|Any CPU
		{15509313-8C02-4F16-A27B-11B2A3BFE139}.AppStore|Any CPU.Build.0 = Release|Any CPU
		{15509313-8C02-4F16-A27B-11B2A3BFE139}.AppStore|Any CPU.Deploy.0 = Release|Any CPU
		{15509313-8C02-4F16-A27B-11B2A3BFE139}.AppStore|iPhone.ActiveCfg = Release|Any CPU
		{15509313-8C02-4F16-A27B-11B2A3BFE139}.AppStore|iPhone.Build.0 = Release|Any CPU
		{15509313-8C02-4F16-A27B-11B2A3BFE139}.AppStore|iPhone.Deploy.0 = Release|Any CPU
		{15509313-8C02-4F16-A27B-11B2A3BFE139}.AppStore|iPhoneSimulator.ActiveCfg = Release|Any CPU
		{15509313-8C02-4F16-A27B-11B2A3BFE139}.AppStore|iPhoneSimulator.Build.0 = Release|Any CPU
		{15509313-8C02-4F16-A27B-11B2A3BFE139}.AppStore|iPhoneSimulator.Deploy.0 = Release|Any CPU
		{15509313-8C02-4F16-A27B-11B2A3BFE139}.Debug|Any CPU.ActiveCfg = Debug|Any CPU
		{15509313-8C02-4F16-A27B-11B2A3BFE139}.Debug|Any CPU.Build.0 = Debug|Any CPU
		{15509313-8C02-4F16-A27B-11B2A3BFE139}.Debug|Any CPU.Deploy.0 = Debug|Any CPU
		{15509313-8C02-4F16-A27B-11B2A3BFE139}.Debug|iPhone.ActiveCfg = Debug|Any CPU
		{15509313-8C02-4F16-A27B-11B2A3BFE139}.Debug|iPhone.Build.0 = Debug|Any CPU
		{15509313-8C02-4F16-A27B-11B2A3BFE139}.Debug|iPhone.Deploy.0 = Debug|Any CPU
		{15509313-8C02-4F16-A27B-11B2A3BFE139}.Debug|iPhoneSimulator.ActiveCfg = Debug|Any CPU
		{15509313-8C02-4F16-A27B-11B2A3BFE139}.Debug|iPhoneSimulator.Build.0 = Debug|Any CPU
		{15509313-8C02-4F16-A27B-11B2A3BFE139}.Debug|iPhoneSimulator.Deploy.0 = Debug|Any CPU
		{15509313-8C02-4F16-A27B-11B2A3BFE139}.Release|Any CPU.ActiveCfg = Release|Any CPU
		{15509313-8C02-4F16-A27B-11B2A3BFE139}.Release|Any CPU.Build.0 = Release|Any CPU
		{15509313-8C02-4F16-A27B-11B2A3BFE139}.Release|Any CPU.Deploy.0 = Release|Any CPU
		{15509313-8C02-4F16-A27B-11B2A3BFE139}.Release|iPhone.ActiveCfg = Release|Any CPU
		{15509313-8C02-4F16-A27B-11B2A3BFE139}.Release|iPhone.Build.0 = Release|Any CPU
		{15509313-8C02-4F16-A27B-11B2A3BFE139}.Release|iPhone.Deploy.0 = Release|Any CPU
		{15509313-8C02-4F16-A27B-11B2A3BFE139}.Release|iPhoneSimulator.ActiveCfg = Release|Any CPU
		{15509313-8C02-4F16-A27B-11B2A3BFE139}.Release|iPhoneSimulator.Build.0 = Release|Any CPU
		{15509313-8C02-4F16-A27B-11B2A3BFE139}.Release|iPhoneSimulator.Deploy.0 = Release|Any CPU
		{390E3187-23AE-4530-9954-BC6A8971F577}.Ad-Hoc|Any CPU.ActiveCfg = Ad-Hoc|iPhone
		{390E3187-23AE-4530-9954-BC6A8971F577}.Ad-Hoc|iPhone.ActiveCfg = Ad-Hoc|iPhone
		{390E3187-23AE-4530-9954-BC6A8971F577}.Ad-Hoc|iPhone.Build.0 = Ad-Hoc|iPhone
		{390E3187-23AE-4530-9954-BC6A8971F577}.Ad-Hoc|iPhoneSimulator.ActiveCfg = Ad-Hoc|iPhoneSimulator
		{390E3187-23AE-4530-9954-BC6A8971F577}.Ad-Hoc|iPhoneSimulator.Build.0 = Ad-Hoc|iPhoneSimulator
		{390E3187-23AE-4530-9954-BC6A8971F577}.AppStore|Any CPU.ActiveCfg = AppStore|iPhone
		{390E3187-23AE-4530-9954-BC6A8971F577}.AppStore|iPhone.ActiveCfg = AppStore|iPhone
		{390E3187-23AE-4530-9954-BC6A8971F577}.AppStore|iPhone.Build.0 = AppStore|iPhone
		{390E3187-23AE-4530-9954-BC6A8971F577}.AppStore|iPhoneSimulator.ActiveCfg = AppStore|iPhoneSimulator
		{390E3187-23AE-4530-9954-BC6A8971F577}.AppStore|iPhoneSimulator.Build.0 = AppStore|iPhoneSimulator
		{390E3187-23AE-4530-9954-BC6A8971F577}.Debug|Any CPU.ActiveCfg = Debug|iPhone
		{390E3187-23AE-4530-9954-BC6A8971F577}.Debug|iPhone.ActiveCfg = Debug|iPhone
		{390E3187-23AE-4530-9954-BC6A8971F577}.Debug|iPhone.Build.0 = Debug|iPhone
		{390E3187-23AE-4530-9954-BC6A8971F577}.Debug|iPhoneSimulator.ActiveCfg = Debug|iPhoneSimulator
		{390E3187-23AE-4530-9954-BC6A8971F577}.Debug|iPhoneSimulator.Build.0 = Debug|iPhoneSimulator
		{390E3187-23AE-4530-9954-BC6A8971F577}.Release|Any CPU.ActiveCfg = Release|iPhone
		{390E3187-23AE-4530-9954-BC6A8971F577}.Release|iPhone.ActiveCfg = Release|iPhone
		{390E3187-23AE-4530-9954-BC6A8971F577}.Release|iPhone.Build.0 = Release|iPhone
		{390E3187-23AE-4530-9954-BC6A8971F577}.Release|iPhoneSimulator.ActiveCfg = Release|iPhoneSimulator
		{390E3187-23AE-4530-9954-BC6A8971F577}.Release|iPhoneSimulator.Build.0 = Release|iPhoneSimulator
		{D441F593-1166-4626-950C-30858A950ACB}.Ad-Hoc|Any CPU.ActiveCfg = Debug|Any CPU
		{D441F593-1166-4626-950C-30858A950ACB}.Ad-Hoc|Any CPU.Build.0 = Debug|Any CPU
		{D441F593-1166-4626-950C-30858A950ACB}.Ad-Hoc|iPhone.ActiveCfg = Debug|Any CPU
		{D441F593-1166-4626-950C-30858A950ACB}.Ad-Hoc|iPhone.Build.0 = Debug|Any CPU
		{D441F593-1166-4626-950C-30858A950ACB}.Ad-Hoc|iPhoneSimulator.ActiveCfg = Debug|Any CPU
		{D441F593-1166-4626-950C-30858A950ACB}.Ad-Hoc|iPhoneSimulator.Build.0 = Debug|Any CPU
		{D441F593-1166-4626-950C-30858A950ACB}.AppStore|Any CPU.ActiveCfg = Debug|Any CPU
		{D441F593-1166-4626-950C-30858A950ACB}.AppStore|Any CPU.Build.0 = Debug|Any CPU
		{D441F593-1166-4626-950C-30858A950ACB}.AppStore|iPhone.ActiveCfg = Debug|Any CPU
		{D441F593-1166-4626-950C-30858A950ACB}.AppStore|iPhone.Build.0 = Debug|Any CPU
		{D441F593-1166-4626-950C-30858A950ACB}.AppStore|iPhoneSimulator.ActiveCfg = Debug|Any CPU
		{D441F593-1166-4626-950C-30858A950ACB}.AppStore|iPhoneSimulator.Build.0 = Debug|Any CPU
		{D441F593-1166-4626-950C-30858A950ACB}.Debug|Any CPU.ActiveCfg = Debug|Any CPU
		{D441F593-1166-4626-950C-30858A950ACB}.Debug|Any CPU.Build.0 = Debug|Any CPU
		{D441F593-1166-4626-950C-30858A950ACB}.Debug|iPhone.ActiveCfg = Debug|Any CPU
		{D441F593-1166-4626-950C-30858A950ACB}.Debug|iPhone.Build.0 = Debug|Any CPU
		{D441F593-1166-4626-950C-30858A950ACB}.Debug|iPhoneSimulator.ActiveCfg = Debug|Any CPU
		{D441F593-1166-4626-950C-30858A950ACB}.Debug|iPhoneSimulator.Build.0 = Debug|Any CPU
		{D441F593-1166-4626-950C-30858A950ACB}.Release|Any CPU.ActiveCfg = Release|Any CPU
		{D441F593-1166-4626-950C-30858A950ACB}.Release|Any CPU.Build.0 = Release|Any CPU
		{D441F593-1166-4626-950C-30858A950ACB}.Release|iPhone.ActiveCfg = Release|Any CPU
		{D441F593-1166-4626-950C-30858A950ACB}.Release|iPhone.Build.0 = Release|Any CPU
		{D441F593-1166-4626-950C-30858A950ACB}.Release|iPhoneSimulator.ActiveCfg = Release|Any CPU
		{D441F593-1166-4626-950C-30858A950ACB}.Release|iPhoneSimulator.Build.0 = Release|Any CPU
		{64FEE8B4-DAE5-4F8B-AFA4-F2C352F7149A}.Ad-Hoc|Any CPU.ActiveCfg = Release|Any CPU
		{64FEE8B4-DAE5-4F8B-AFA4-F2C352F7149A}.Ad-Hoc|Any CPU.Build.0 = Release|Any CPU
		{64FEE8B4-DAE5-4F8B-AFA4-F2C352F7149A}.Ad-Hoc|Any CPU.Deploy.0 = Release|Any CPU
		{64FEE8B4-DAE5-4F8B-AFA4-F2C352F7149A}.Ad-Hoc|iPhone.ActiveCfg = Release|Any CPU
		{64FEE8B4-DAE5-4F8B-AFA4-F2C352F7149A}.Ad-Hoc|iPhone.Build.0 = Release|Any CPU
		{64FEE8B4-DAE5-4F8B-AFA4-F2C352F7149A}.Ad-Hoc|iPhone.Deploy.0 = Release|Any CPU
		{64FEE8B4-DAE5-4F8B-AFA4-F2C352F7149A}.Ad-Hoc|iPhoneSimulator.ActiveCfg = Release|Any CPU
		{64FEE8B4-DAE5-4F8B-AFA4-F2C352F7149A}.Ad-Hoc|iPhoneSimulator.Build.0 = Release|Any CPU
		{64FEE8B4-DAE5-4F8B-AFA4-F2C352F7149A}.Ad-Hoc|iPhoneSimulator.Deploy.0 = Release|Any CPU
		{64FEE8B4-DAE5-4F8B-AFA4-F2C352F7149A}.AppStore|Any CPU.ActiveCfg = Release|Any CPU
		{64FEE8B4-DAE5-4F8B-AFA4-F2C352F7149A}.AppStore|Any CPU.Build.0 = Release|Any CPU
		{64FEE8B4-DAE5-4F8B-AFA4-F2C352F7149A}.AppStore|Any CPU.Deploy.0 = Release|Any CPU
		{64FEE8B4-DAE5-4F8B-AFA4-F2C352F7149A}.AppStore|iPhone.ActiveCfg = Release|Any CPU
		{64FEE8B4-DAE5-4F8B-AFA4-F2C352F7149A}.AppStore|iPhone.Build.0 = Release|Any CPU
		{64FEE8B4-DAE5-4F8B-AFA4-F2C352F7149A}.AppStore|iPhone.Deploy.0 = Release|Any CPU
		{64FEE8B4-DAE5-4F8B-AFA4-F2C352F7149A}.AppStore|iPhoneSimulator.ActiveCfg = Release|Any CPU
		{64FEE8B4-DAE5-4F8B-AFA4-F2C352F7149A}.AppStore|iPhoneSimulator.Build.0 = Release|Any CPU
		{64FEE8B4-DAE5-4F8B-AFA4-F2C352F7149A}.AppStore|iPhoneSimulator.Deploy.0 = Release|Any CPU
		{64FEE8B4-DAE5-4F8B-AFA4-F2C352F7149A}.Debug|Any CPU.ActiveCfg = Debug|Any CPU
		{64FEE8B4-DAE5-4F8B-AFA4-F2C352F7149A}.Debug|Any CPU.Build.0 = Debug|Any CPU
		{64FEE8B4-DAE5-4F8B-AFA4-F2C352F7149A}.Debug|Any CPU.Deploy.0 = Debug|Any CPU
		{64FEE8B4-DAE5-4F8B-AFA4-F2C352F7149A}.Debug|iPhone.ActiveCfg = Debug|Any CPU
		{64FEE8B4-DAE5-4F8B-AFA4-F2C352F7149A}.Debug|iPhone.Build.0 = Debug|Any CPU
		{64FEE8B4-DAE5-4F8B-AFA4-F2C352F7149A}.Debug|iPhone.Deploy.0 = Debug|Any CPU
		{64FEE8B4-DAE5-4F8B-AFA4-F2C352F7149A}.Debug|iPhoneSimulator.ActiveCfg = Debug|Any CPU
		{64FEE8B4-DAE5-4F8B-AFA4-F2C352F7149A}.Debug|iPhoneSimulator.Build.0 = Debug|Any CPU
		{64FEE8B4-DAE5-4F8B-AFA4-F2C352F7149A}.Debug|iPhoneSimulator.Deploy.0 = Debug|Any CPU
		{64FEE8B4-DAE5-4F8B-AFA4-F2C352F7149A}.Release|Any CPU.ActiveCfg = Release|Any CPU
		{64FEE8B4-DAE5-4F8B-AFA4-F2C352F7149A}.Release|Any CPU.Build.0 = Release|Any CPU
		{64FEE8B4-DAE5-4F8B-AFA4-F2C352F7149A}.Release|Any CPU.Deploy.0 = Release|Any CPU
		{64FEE8B4-DAE5-4F8B-AFA4-F2C352F7149A}.Release|iPhone.ActiveCfg = Release|Any CPU
		{64FEE8B4-DAE5-4F8B-AFA4-F2C352F7149A}.Release|iPhone.Build.0 = Release|Any CPU
		{64FEE8B4-DAE5-4F8B-AFA4-F2C352F7149A}.Release|iPhone.Deploy.0 = Release|Any CPU
		{64FEE8B4-DAE5-4F8B-AFA4-F2C352F7149A}.Release|iPhoneSimulator.ActiveCfg = Release|Any CPU
		{64FEE8B4-DAE5-4F8B-AFA4-F2C352F7149A}.Release|iPhoneSimulator.Build.0 = Release|Any CPU
		{64FEE8B4-DAE5-4F8B-AFA4-F2C352F7149A}.Release|iPhoneSimulator.Deploy.0 = Release|Any CPU
		{80A96B52-6758-4BDB-B0B4-CEA4CA155C60}.Ad-Hoc|Any CPU.ActiveCfg = Release|iPhone
		{80A96B52-6758-4BDB-B0B4-CEA4CA155C60}.Ad-Hoc|Any CPU.Build.0 = Release|iPhone
		{80A96B52-6758-4BDB-B0B4-CEA4CA155C60}.Ad-Hoc|iPhone.ActiveCfg = Release|iPhone
		{80A96B52-6758-4BDB-B0B4-CEA4CA155C60}.Ad-Hoc|iPhone.Build.0 = Release|iPhone
		{80A96B52-6758-4BDB-B0B4-CEA4CA155C60}.Ad-Hoc|iPhoneSimulator.ActiveCfg = Release|iPhoneSimulator
		{80A96B52-6758-4BDB-B0B4-CEA4CA155C60}.Ad-Hoc|iPhoneSimulator.Build.0 = Release|iPhoneSimulator
		{80A96B52-6758-4BDB-B0B4-CEA4CA155C60}.AppStore|Any CPU.ActiveCfg = Release|iPhone
		{80A96B52-6758-4BDB-B0B4-CEA4CA155C60}.AppStore|Any CPU.Build.0 = Release|iPhone
		{80A96B52-6758-4BDB-B0B4-CEA4CA155C60}.AppStore|iPhone.ActiveCfg = Release|iPhone
		{80A96B52-6758-4BDB-B0B4-CEA4CA155C60}.AppStore|iPhone.Build.0 = Release|iPhone
		{80A96B52-6758-4BDB-B0B4-CEA4CA155C60}.AppStore|iPhoneSimulator.ActiveCfg = Release|iPhoneSimulator
		{80A96B52-6758-4BDB-B0B4-CEA4CA155C60}.AppStore|iPhoneSimulator.Build.0 = Release|iPhoneSimulator
		{80A96B52-6758-4BDB-B0B4-CEA4CA155C60}.Debug|Any CPU.ActiveCfg = Debug|iPhone
		{80A96B52-6758-4BDB-B0B4-CEA4CA155C60}.Debug|iPhone.ActiveCfg = Debug|iPhone
		{80A96B52-6758-4BDB-B0B4-CEA4CA155C60}.Debug|iPhone.Build.0 = Debug|iPhone
		{80A96B52-6758-4BDB-B0B4-CEA4CA155C60}.Debug|iPhoneSimulator.ActiveCfg = Debug|iPhoneSimulator
		{80A96B52-6758-4BDB-B0B4-CEA4CA155C60}.Debug|iPhoneSimulator.Build.0 = Debug|iPhoneSimulator
		{80A96B52-6758-4BDB-B0B4-CEA4CA155C60}.Release|Any CPU.ActiveCfg = Release|iPhone
		{80A96B52-6758-4BDB-B0B4-CEA4CA155C60}.Release|iPhone.ActiveCfg = Release|iPhone
		{80A96B52-6758-4BDB-B0B4-CEA4CA155C60}.Release|iPhone.Build.0 = Release|iPhone
		{80A96B52-6758-4BDB-B0B4-CEA4CA155C60}.Release|iPhoneSimulator.ActiveCfg = Release|iPhoneSimulator
		{80A96B52-6758-4BDB-B0B4-CEA4CA155C60}.Release|iPhoneSimulator.Build.0 = Release|iPhoneSimulator
	EndGlobalSection
	GlobalSection(SolutionProperties) = preSolution
		HideSolutionNode = FALSE
	EndGlobalSection
	GlobalSection(NestedProjects) = preSolution
		{430410D3-2CB9-458C-8C0B-3918003BB45A} = {D84E205D-FDB7-4109-9862-1B56E71C8989}
		{DDE57EF1-8821-4C18-A0D0-8C6CBF6C7D83} = {41C42313-1522-43A2-8B27-B6A1A0AB007A}
		{12801F68-21FC-4878-8A45-3F7935A7E4C3} = {41C42313-1522-43A2-8B27-B6A1A0AB007A}
		{15509313-8C02-4F16-A27B-11B2A3BFE139} = {DDE57EF1-8821-4C18-A0D0-8C6CBF6C7D83}
		{390E3187-23AE-4530-9954-BC6A8971F577} = {DDE57EF1-8821-4C18-A0D0-8C6CBF6C7D83}
		{C3EF476A-E209-4057-992A-53130BA87C55} = {DDE57EF1-8821-4C18-A0D0-8C6CBF6C7D83}
		{D441F593-1166-4626-950C-30858A950ACB} = {12801F68-21FC-4878-8A45-3F7935A7E4C3}
		{64FEE8B4-DAE5-4F8B-AFA4-F2C352F7149A} = {12801F68-21FC-4878-8A45-3F7935A7E4C3}
		{80A96B52-6758-4BDB-B0B4-CEA4CA155C60} = {12801F68-21FC-4878-8A45-3F7935A7E4C3}
	EndGlobalSection
	GlobalSection(ExtensibilityGlobals) = postSolution
		SolutionGuid = {D99EC48D-8A86-4903-A54E-4FDAF8EE6B0D}
	EndGlobalSection
EndGlobal
